
Microsoft Visual Studio Solution File, Format Version 12.00
# Visual Studio 2013
VisualStudioVersion = 12.0.40629.0
MinimumVisualStudioVersion = 10.0.40219.1
Project("{FAE04EC0-301F-11D3-BF4B-00C04F79EFBC}") = "mc.Omron.v1.00", "mc.omron.v1.00\mc.Omron.v1.00.csproj", "{86D541B6-4BC7-427D-B8FF-F79A42A71ED0}"
EndProject
Project("{FAE04EC0-301F-11D3-BF4B-00C04F79EFBC}") = "test_plc", "test_plc\test_plc.csproj", "{506722E9-14BA-41DC-9E4E-F541524187E7}"
EndProject
Project("{FAE04EC0-301F-11D3-BF4B-00C04F79EFBC}") = "test_btools", "test_btools\test_btools.csproj", "{21900188-FBDF-48D1-876C-461072D9D7D2}"
EndProject
Global
	GlobalSection(SolutionConfigurationPlatforms) = preSolution
		Debug|Any CPU = Debug|Any CPU
		Release|Any CPU = Release|Any CPU
	EndGlobalSection
	GlobalSection(ProjectConfigurationPlatforms) = postSolution
		{86D541B6-4BC7-427D-B8FF-F79A42A71ED0}.Debug|Any CPU.ActiveCfg = Debug|Any CPU
		{86D541B6-4BC7-427D-B8FF-F79A42A71ED0}.Debug|Any CPU.Build.0 = Debug|Any CPU
		{86D541B6-4BC7-427D-B8FF-F79A42A71ED0}.Release|Any CPU.ActiveCfg = Release|Any CPU
		{86D541B6-4BC7-427D-B8FF-F79A42A71ED0}.Release|Any CPU.Build.0 = Release|Any CPU
		{506722E9-14BA-41DC-9E4E-F541524187E7}.Debug|Any CPU.ActiveCfg = Debug|Any CPU
		{506722E9-14BA-41DC-9E4E-F541524187E7}.Debug|Any CPU.Build.0 = Debug|Any CPU
		{506722E9-14BA-41DC-9E4E-F541524187E7}.Release|Any CPU.ActiveCfg = Release|Any CPU
		{506722E9-14BA-41DC-9E4E-F541524187E7}.Release|Any CPU.Build.0 = Release|Any CPU
		{21900188-FBDF-48D1-876C-461072D9D7D2}.Debug|Any CPU.ActiveCfg = Debug|Any CPU
		{21900188-FBDF-48D1-876C-461072D9D7D2}.Debug|Any CPU.Build.0 = Debug|Any CPU
		{21900188-FBDF-48D1-876C-461072D9D7D2}.Release|Any CPU.ActiveCfg = Release|Any CPU
		{21900188-FBDF-48D1-876C-461072D9D7D2}.Release|Any CPU.Build.0 = Release|Any CPU
	EndGlobalSection
	GlobalSection(SolutionProperties) = preSolution
		HideSolutionNode = FALSE
	EndGlobalSection
EndGlobal
